
Microsoft Visual Studio Solution File, Format Version 12.00
# Visual Studio Version 16
VisualStudioVersion = 25.0.1703.8
MinimumVisualStudioVersion = 10.0.40219.1
Project("{FAE04EC0-301F-11D3-BF4B-00C04F79EFBC}") = "SpaceWar_M2", "SpaceWar_M2\SpaceWar_M2.csproj", "{1EEC4133-8D44-4E99-98D3-92C6C8D246CB}"
EndProject
Global
	GlobalSection(SolutionConfigurationPlatforms) = preSolution
		Debug|Any CPU = Debug|Any CPU
		Release|Any CPU = Release|Any CPU
	EndGlobalSection
	GlobalSection(ProjectConfigurationPlatforms) = postSolution
		{1EEC4133-8D44-4E99-98D3-92C6C8D246CB}.Debug|Any CPU.ActiveCfg = Debug|Any CPU
		{1EEC4133-8D44-4E99-98D3-92C6C8D246CB}.Debug|Any CPU.Build.0 = Debug|Any CPU
		{1EEC4133-8D44-4E99-98D3-92C6C8D246CB}.Release|Any CPU.ActiveCfg = Release|Any CPU
		{1EEC4133-8D44-4E99-98D3-92C6C8D246CB}.Release|Any CPU.Build.0 = Release|Any CPU
	EndGlobalSection
	GlobalSection(SolutionProperties) = preSolution
		HideSolutionNode = FALSE
	EndGlobalSection
	GlobalSection(ExtensibilityGlobals) = postSolution
		SolutionGuid = {40E1BC63-B222-471E-B0DB-B26DAA011AF3}
	EndGlobalSection
EndGlobal
